
Microsoft Visual Studio Solution File, Format Version 12.00
# Visual Studio 15
VisualStudioVersion = 15.0.27428.2015
MinimumVisualStudioVersion = 10.0.40219.1
Project("{FAE04EC0-301F-11D3-BF4B-00C04F79EFBC}") = "AdminPanel", "AdminPanel\AdminPanel.csproj", "{1AD79DF5-A7A6-4A55-8533-0E921617270A}"
EndProject
Global
	GlobalSection(SolutionConfigurationPlatforms) = preSolution
		Debug|Any CPU = Debug|Any CPU
		Release|Any CPU = Release|Any CPU
	EndGlobalSection
	GlobalSection(ProjectConfigurationPlatforms) = postSolution
		{1AD79DF5-A7A6-4A55-8533-0E921617270A}.Debug|Any CPU.ActiveCfg = Debug|Any CPU
		{1AD79DF5-A7A6-4A55-8533-0E921617270A}.Debug|Any CPU.Build.0 = Debug|Any CPU
		{1AD79DF5-A7A6-4A55-8533-0E921617270A}.Release|Any CPU.ActiveCfg = Release|Any CPU
		{1AD79DF5-A7A6-4A55-8533-0E921617270A}.Release|Any CPU.Build.0 = Release|Any CPU
	EndGlobalSection
	GlobalSection(SolutionProperties) = preSolution
		HideSolutionNode = FALSE
	EndGlobalSection
	GlobalSection(ExtensibilityGlobals) = postSolution
		SolutionGuid = {04F4A2F7-5445-45DF-AF14-CF92A70CD153}
	EndGlobalSection
EndGlobal
